
Microsoft Visual Studio Solution File, Format Version 12.00
# Visual Studio Version 17
VisualStudioVersion = 17.5.002.0
MinimumVisualStudioVersion = 10.0.40219.1
Project("{FAE04EC0-301F-11D3-BF4B-00C04F79EFBC}") = "Gradify", "..\Gradify\Gradify.csproj", "{76C6D5BA-BA7B-46DC-AB97-89F7DF744F23}"
EndProject
Project("{FAE04EC0-301F-11D3-BF4B-00C04F79EFBC}") = "InterfaceExampleBankApp", "..\InterfaceExampleBankApp\InterfaceExampleBankApp.csproj", "{964A2426-2038-424A-B410-7480971479FA}"
EndProject
Project("{FAE04EC0-301F-11D3-BF4B-00C04F79EFBC}") = "LearningInterfaces", "LearningInterfaces.csproj", "{B06F9AB0-49C0-4667-82FD-A7B93265F08C}"
EndProject
Global
	GlobalSection(SolutionConfigurationPlatforms) = preSolution
		Debug|Any CPU = Debug|Any CPU
		Release|Any CPU = Release|Any CPU
	EndGlobalSection
	GlobalSection(ProjectConfigurationPlatforms) = postSolution
		{76C6D5BA-BA7B-46DC-AB97-89F7DF744F23}.Debug|Any CPU.ActiveCfg = Debug|Any CPU
		{76C6D5BA-BA7B-46DC-AB97-89F7DF744F23}.Debug|Any CPU.Build.0 = Debug|Any CPU
		{76C6D5BA-BA7B-46DC-AB97-89F7DF744F23}.Release|Any CPU.ActiveCfg = Release|Any CPU
		{76C6D5BA-BA7B-46DC-AB97-89F7DF744F23}.Release|Any CPU.Build.0 = Release|Any CPU
		{964A2426-2038-424A-B410-7480971479FA}.Debug|Any CPU.ActiveCfg = Debug|Any CPU
		{964A2426-2038-424A-B410-7480971479FA}.Debug|Any CPU.Build.0 = Debug|Any CPU
		{964A2426-2038-424A-B410-7480971479FA}.Release|Any CPU.ActiveCfg = Release|Any CPU
		{964A2426-2038-424A-B410-7480971479FA}.Release|Any CPU.Build.0 = Release|Any CPU
		{B06F9AB0-49C0-4667-82FD-A7B93265F08C}.Debug|Any CPU.ActiveCfg = Debug|Any CPU
		{B06F9AB0-49C0-4667-82FD-A7B93265F08C}.Debug|Any CPU.Build.0 = Debug|Any CPU
		{B06F9AB0-49C0-4667-82FD-A7B93265F08C}.Release|Any CPU.ActiveCfg = Release|Any CPU
		{B06F9AB0-49C0-4667-82FD-A7B93265F08C}.Release|Any CPU.Build.0 = Release|Any CPU
	EndGlobalSection
	GlobalSection(SolutionProperties) = preSolution
		HideSolutionNode = FALSE
	EndGlobalSection
	GlobalSection(ExtensibilityGlobals) = postSolution
		SolutionGuid = {C1D9A4FD-09CA-4AB7-BE1F-E0B3E07BE70D}
	EndGlobalSection
EndGlobal
