
Microsoft Visual Studio Solution File, Format Version 12.00
# Visual Studio Version 17
VisualStudioVersion = 17.5.002.0
MinimumVisualStudioVersion = 10.0.40219.1
Project("{9A19103F-16F7-4668-BE54-9A1E7A4F7556}") = "SalesApp.Domain", "SalesApp.Domain\SalesApp.Domain.csproj", "{D1A23E4A-B3E3-4B89-9962-517613B70366}"
EndProject
Project("{9A19103F-16F7-4668-BE54-9A1E7A4F7556}") = "SalesApp.WebAPI", "SalesApp.WebAPI\SalesApp.WebAPI.csproj", "{1DEBF592-D100-4D7F-8B37-03DC1654DCB7}"
EndProject
Global
	GlobalSection(SolutionConfigurationPlatforms) = preSolution
		Debug|Any CPU = Debug|Any CPU
		Release|Any CPU = Release|Any CPU
	EndGlobalSection
	GlobalSection(ProjectConfigurationPlatforms) = postSolution
		{D1A23E4A-B3E3-4B89-9962-517613B70366}.Debug|Any CPU.ActiveCfg = Debug|Any CPU
		{D1A23E4A-B3E3-4B89-9962-517613B70366}.Debug|Any CPU.Build.0 = Debug|Any CPU
		{D1A23E4A-B3E3-4B89-9962-517613B70366}.Release|Any CPU.ActiveCfg = Release|Any CPU
		{D1A23E4A-B3E3-4B89-9962-517613B70366}.Release|Any CPU.Build.0 = Release|Any CPU
		{1DEBF592-D100-4D7F-8B37-03DC1654DCB7}.Debug|Any CPU.ActiveCfg = Debug|Any CPU
		{1DEBF592-D100-4D7F-8B37-03DC1654DCB7}.Debug|Any CPU.Build.0 = Debug|Any CPU
		{1DEBF592-D100-4D7F-8B37-03DC1654DCB7}.Release|Any CPU.ActiveCfg = Release|Any CPU
		{1DEBF592-D100-4D7F-8B37-03DC1654DCB7}.Release|Any CPU.Build.0 = Release|Any CPU
	EndGlobalSection
	GlobalSection(SolutionProperties) = preSolution
		HideSolutionNode = FALSE
	EndGlobalSection
	GlobalSection(ExtensibilityGlobals) = postSolution
		SolutionGuid = {FEA34FC2-AFF8-4BCC-B609-C3AAEF0DE49B}
	EndGlobalSection
EndGlobal
