
Microsoft Visual Studio Solution File, Format Version 12.00
# Visual Studio Version 17
VisualStudioVersion = 17.5.002.0
MinimumVisualStudioVersion = 10.0.40219.1
Project("{9A19103F-16F7-4668-BE54-9A1E7A4F7556}") = "Eventity.Domain", "Eventity.Domain\Eventity.Domain.csproj", "{EF813DF6-F1B8-4A7F-A7CC-92AB174A63DB}"
EndProject
Global
	GlobalSection(SolutionConfigurationPlatforms) = preSolution
		Debug|Any CPU = Debug|Any CPU
		Release|Any CPU = Release|Any CPU
	EndGlobalSection
	GlobalSection(ProjectConfigurationPlatforms) = postSolution
		{EF813DF6-F1B8-4A7F-A7CC-92AB174A63DB}.Debug|Any CPU.ActiveCfg = Debug|Any CPU
		{EF813DF6-F1B8-4A7F-A7CC-92AB174A63DB}.Debug|Any CPU.Build.0 = Debug|Any CPU
		{EF813DF6-F1B8-4A7F-A7CC-92AB174A63DB}.Release|Any CPU.ActiveCfg = Release|Any CPU
		{EF813DF6-F1B8-4A7F-A7CC-92AB174A63DB}.Release|Any CPU.Build.0 = Release|Any CPU
	EndGlobalSection
	GlobalSection(SolutionProperties) = preSolution
		HideSolutionNode = FALSE
	EndGlobalSection
	GlobalSection(ExtensibilityGlobals) = postSolution
		SolutionGuid = {B5436390-2875-43B3-84A6-E72FFEB3CC74}
	EndGlobalSection
EndGlobal
