
Microsoft Visual Studio Solution File, Format Version 12.00
# Visual Studio Version 17
VisualStudioVersion = 17.5.002.0
MinimumVisualStudioVersion = 10.0.40219.1
Project("{9A19103F-16F7-4668-BE54-9A1E7A4F7556}") = "StudentsApp.Domain", "StudentsApp.Domain\StudentsApp.Domain.csproj", "{AD7BEFAE-6A3B-41D6-9170-8114A2F6AA9B}"
EndProject
Project("{FAE04EC0-301F-11D3-BF4B-00C04F79EFBC}") = "StudentsApp.Infrastructure", "StudentsApp.Infrastructure\StudentsApp.Infrastructure.csproj", "{D28554A9-F16D-465B-947E-B711F9C699DA}"
EndProject
Project("{FAE04EC0-301F-11D3-BF4B-00C04F79EFBC}") = "StudentsApp.Console", "StudentsApp.Console\StudentsApp.Console.csproj", "{C33C897C-F74F-4CEF-BA12-5291E583DF9D}"
EndProject
Global
	GlobalSection(SolutionConfigurationPlatforms) = preSolution
		Debug|Any CPU = Debug|Any CPU
		Release|Any CPU = Release|Any CPU
	EndGlobalSection
	GlobalSection(ProjectConfigurationPlatforms) = postSolution
		{AD7BEFAE-6A3B-41D6-9170-8114A2F6AA9B}.Debug|Any CPU.ActiveCfg = Debug|Any CPU
		{AD7BEFAE-6A3B-41D6-9170-8114A2F6AA9B}.Debug|Any CPU.Build.0 = Debug|Any CPU
		{AD7BEFAE-6A3B-41D6-9170-8114A2F6AA9B}.Release|Any CPU.ActiveCfg = Release|Any CPU
		{AD7BEFAE-6A3B-41D6-9170-8114A2F6AA9B}.Release|Any CPU.Build.0 = Release|Any CPU
		{D28554A9-F16D-465B-947E-B711F9C699DA}.Debug|Any CPU.ActiveCfg = Debug|Any CPU
		{D28554A9-F16D-465B-947E-B711F9C699DA}.Debug|Any CPU.Build.0 = Debug|Any CPU
		{D28554A9-F16D-465B-947E-B711F9C699DA}.Release|Any CPU.ActiveCfg = Release|Any CPU
		{D28554A9-F16D-465B-947E-B711F9C699DA}.Release|Any CPU.Build.0 = Release|Any CPU
		{C33C897C-F74F-4CEF-BA12-5291E583DF9D}.Debug|Any CPU.ActiveCfg = Debug|Any CPU
		{C33C897C-F74F-4CEF-BA12-5291E583DF9D}.Debug|Any CPU.Build.0 = Debug|Any CPU
		{C33C897C-F74F-4CEF-BA12-5291E583DF9D}.Release|Any CPU.ActiveCfg = Release|Any CPU
		{C33C897C-F74F-4CEF-BA12-5291E583DF9D}.Release|Any CPU.Build.0 = Release|Any CPU
	EndGlobalSection
	GlobalSection(SolutionProperties) = preSolution
		HideSolutionNode = FALSE
	EndGlobalSection
	GlobalSection(ExtensibilityGlobals) = postSolution
		SolutionGuid = {2048B501-C0F8-44CB-879E-E7AF70965A27}
	EndGlobalSection
EndGlobal
